
Microsoft Visual Studio Solution File, Format Version 12.00
# Visual Studio 15
VisualStudioVersion = 15.0.27703.2042
MinimumVisualStudioVersion = 10.0.40219.1
Project("{9A19103F-16F7-4668-BE54-9A1E7A4F7556}") = "CustomersAPIServices", "CustomersAPIServices\CustomersAPIServices.csproj", "{51937F4A-67DE-48BE-863A-A1D3A0424BBA}"
EndProject
Project("{9A19103F-16F7-4668-BE54-9A1E7A4F7556}") = "ProductsAPIServices", "ProductsAPIServices\ProductsAPIServices.csproj", "{C7C65949-558B-4866-9CC1-16ABB1CB4030}"
EndProject
Project("{FAE04EC0-301F-11D3-BF4B-00C04F79EFBC}") = "ApiGateway", "ApiGateway\ApiGateway.csproj", "{D051E6CD-9BA9-41A9-9BCF-DEC4CB44497C}"
EndProject
Global
	GlobalSection(SolutionConfigurationPlatforms) = preSolution
		Debug|Any CPU = Debug|Any CPU
		Release|Any CPU = Release|Any CPU
	EndGlobalSection
	GlobalSection(ProjectConfigurationPlatforms) = postSolution
		{51937F4A-67DE-48BE-863A-A1D3A0424BBA}.Debug|Any CPU.ActiveCfg = Debug|Any CPU
		{51937F4A-67DE-48BE-863A-A1D3A0424BBA}.Debug|Any CPU.Build.0 = Debug|Any CPU
		{51937F4A-67DE-48BE-863A-A1D3A0424BBA}.Release|Any CPU.ActiveCfg = Release|Any CPU
		{51937F4A-67DE-48BE-863A-A1D3A0424BBA}.Release|Any CPU.Build.0 = Release|Any CPU
		{C7C65949-558B-4866-9CC1-16ABB1CB4030}.Debug|Any CPU.ActiveCfg = Debug|Any CPU
		{C7C65949-558B-4866-9CC1-16ABB1CB4030}.Debug|Any CPU.Build.0 = Debug|Any CPU
		{C7C65949-558B-4866-9CC1-16ABB1CB4030}.Release|Any CPU.ActiveCfg = Release|Any CPU
		{C7C65949-558B-4866-9CC1-16ABB1CB4030}.Release|Any CPU.Build.0 = Release|Any CPU
		{D051E6CD-9BA9-41A9-9BCF-DEC4CB44497C}.Debug|Any CPU.ActiveCfg = Debug|Any CPU
		{D051E6CD-9BA9-41A9-9BCF-DEC4CB44497C}.Debug|Any CPU.Build.0 = Debug|Any CPU
		{D051E6CD-9BA9-41A9-9BCF-DEC4CB44497C}.Release|Any CPU.ActiveCfg = Release|Any CPU
		{D051E6CD-9BA9-41A9-9BCF-DEC4CB44497C}.Release|Any CPU.Build.0 = Release|Any CPU
	EndGlobalSection
	GlobalSection(SolutionProperties) = preSolution
		HideSolutionNode = FALSE
	EndGlobalSection
	GlobalSection(ExtensibilityGlobals) = postSolution
		SolutionGuid = {A7E67465-FAE4-41FE-A590-8FB237308435}
	EndGlobalSection
EndGlobal
